// !$*UTF8*$!
{
	archiveVersion = 1;
	classes = {
	};
	objectVersion = 46;
	objects = {

/* Begin PBXBuildFile section */
		0BB32E301E3066CA00B3633F /* main.cpp in Sources */ = {isa = PBXBuildFile; fileRef = 0BB32E2F1E3066CA00B3633F /* main.cpp */; };
/* End PBXBuildFile section */

/* Begin PBXCopyFilesBuildPhase section */
		0BB32E2A1E3066CA00B3633F /* CopyFiles */ = {
			isa = PBXCopyFilesBuildPhase;
			buildActionMask = 2147483647;
			dstPath = /usr/share/man/man1/;
			dstSubfolderSpec = 0;
			files = (
			);
			runOnlyForDeploymentPostprocessing = 1;
		};
/* End PBXCopyFilesBuildPhase section */

/* Begin PBXFileReference section */
		0BB32E2C1E3066CA00B3633F /* 1007 DNA sorting */ = {isa = PBXFileReference; explicitFileType = "compiled.mach-o.executable"; includeInIndex = 0; path = "1007 DNA sorting"; sourceTree = BUILT_PRODUCTS_DIR; };
		0BB32E2F1E3066CA00B3633F /* main.cpp */ = {isa = PBXFileReference; lastKnownFileType = sourcecode.cpp.cpp; path = main.cpp; sourceTree = "<group>"; };
/* End PBXFileReference section */

/* Begin PBXFrameworksBuildPhase section */
		0BB32E291E3066CA00B3633F /* Frameworks */ = {
			isa = PBXFrameworksBuildPhase;
			buildActionMask = 2147483647;
			files = (
			);
			runOnlyForDeploymentPostprocessing = 0;
		};
/* End PBXFrameworksBuildPhase section */

/* Begin PBXGroup section */
		0BB32E231E3066CA00B3633F = {
			isa = PBXGroup;
			children = (
				0BB32E2E1E3066CA00B3633F /* 1007 DNA sorting */,
				0BB32E2D1E3066CA00B3633F /* Products */,
			);
			sourceTree = "<group>";
		};
		0BB32E2D1E3066CA00B3633F /* Products */ = {
			isa = PBXGroup;
			children = (
				0BB32E2C1E3066CA00B3633F /* 1007 DNA sorting */,
			);
			name = Products;
			sourceTree = "<group>";
		};
		0BB32E2E1E3066CA00B3633F /* 1007 DNA sorting */ = {
			isa = PBXGroup;
			children = (
				0BB32E2F1E3066CA00B3633F /* main.cpp */,
			);
			path = "1007 DNA sorting";
			sourceTree = "<group>";
		};
/* End PBXGroup section */

/* Begin PBXNativeTarget section */
		0BB32E2B1E3066CA00B3633F /* 1007 DNA sorting */ = {
			isa = PBXNativeTarget;
			buildConfigurationList = 0BB32E331E3066CA00B3633F /* Build configuration list for PBXNativeTarget "1007 DNA sorting" */;
			buildPhases = (
				0BB32E281E3066CA00B3633F /* Sources */,
				0BB32E291E3066CA00B3633F /* Frameworks */,
				0BB32E2A1E3066CA00B3633F /* CopyFiles */,
			);
			buildRules = (
			);
			dependencies = (
			);
			name = "1007 DNA sorting";
			productName = "1007 DNA sorting";
			productReference = 0BB32E2C1E3066CA00B3633F /* 1007 DNA sorting */;
			productType = "com.apple.product-type.tool";
		};
/* End PBXNativeTarget section */

/* Begin PBXProject section */
		0BB32E241E3066CA00B3633F /* Project object */ = {
			isa = PBXProject;
			attributes = {
				LastUpgradeCheck = 0820;
				ORGANIZATIONNAME = "Haoyu Guo";
				TargetAttributes = {
					0BB32E2B1E3066CA00B3633F = {
						CreatedOnToolsVersion = 8.2.1;
						DevelopmentTeam = VH2Z9AYRVM;
						ProvisioningStyle = Automatic;
					};
				};
			};
			buildConfigurationList = 0BB32E271E3066CA00B3633F /* Build configuration list for PBXProject "1007 DNA sorting" */;
			compatibilityVersion = "Xcode 3.2";
			developmentRegion = English;
			hasScannedForEncodings = 0;
			knownRegions = (
				en,
			);
			mainGroup = 0BB32E231E3066CA00B3633F;
			productRefGroup = 0BB32E2D1E3066CA00B3633F /* Products */;
			projectDirPath = "";
			projectRoot = "";
			targets = (
				0BB32E2B1E3066CA00B3633F /* 1007 DNA sorting */,
			);
		};
/* End PBXProject section */

/* Begin PBXSourcesBuildPhase section */
		0BB32E281E3066CA00B3633F /* Sources */ = {
			isa = PBXSourcesBuildPhase;
			buildActionMask = 2147483647;
			files = (
				0BB32E301E3066CA00B3633F /* main.cpp in Sources */,
			);
			runOnlyForDeploymentPostprocessing = 0;
		};
/* End PBXSourcesBuildPhase section */

/* Begin XCBuildConfiguration section */
		0BB32E311E3066CA00B3633F /* Debug */ = {
			isa = XCBuildConfiguration;
			buildSettings = {
				ALWAYS_SEARCH_USER_PATHS = NO;
				CLANG_ANALYZER_NONNULL = YES;
				CLANG_CXX_LANGUAGE_STANDARD = "gnu++0x";
				CLANG_CXX_LIBRARY = "libc++";
				CLANG_ENABLE_MODULES = YES;
				CLANG_ENABLE_OBJC_ARC = YES;
				CLANG_WARN_BOOL_CONVERSION = YES;
				CLANG_WARN_CONSTANT_CONVERSION = YES;
				CLANG_WARN_DIRECT_OBJC_ISA_USAGE = YES_ERROR;
				CLANG_WARN_DOCUMENTATION_COMMENTS = YES;
				CLANG_WARN_EMPTY_BODY = YES;
				CLANG_WARN_ENUM_CONVERSION = YES;
				CLANG_WARN_INFINITE_RECURSION = YES;
				CLANG_WARN_INT_CONVERSION = YES;
				CLANG_WARN_OBJC_ROOT_CLASS = YES_ERROR;
				CLANG_WARN_SUSPICIOUS_MOVE = YES;
				CLANG_WARN_UNREACHABLE_CODE = YES;
				CLANG_WARN__DUPLICATE_METHOD_MATCH = YES;
				CODE_SIGN_IDENTITY = "-";
				COPY_PHASE_STRIP = NO;
				DEBUG_INFORMATION_FORMAT = dwarf;
				ENABLE_STRICT_OBJC_MSGSEND = YES;
				ENABLE_TESTABILITY = YES;
				GCC_C_LANGUAGE_STANDARD = gnu99;
				GCC_DYNAMIC_NO_PIC = NO;
				GCC_NO_COMMON_BLOCKS = YES;
				GCC_OPTIMIZATION_LEVEL = 0;
				GCC_PREPROCESSOR_DEFINITIONS = (
					"DEBUG=1",
					"$(inherited)",
				);
				GCC_WARN_64_TO_32_BIT_CONVERSION = YES;
				GCC_WARN_ABOUT_RETURN_TYPE = YES_ERROR;
				GCC_WARN_UNDECLARED_SELECTOR = YES;
				GCC_WARN_UNINITIALIZED_AUTOS = YES_AGGRESSIVE;
				GCC_WARN_UNUSED_FUNCTION = YES;
				GCC_WARN_UNUSED_VARIABLE = YES;
				MACOSX_DEPLOYMENT_TARGET = 10.12;
				MTL_ENABLE_DEBUG_INFO = YES;
				ONLY_ACTIVE_ARCH = YES;
				SDKROOT = macosx;
			};
			name = Debug;
		};
		0BB32E321E3066CA00B3633F /* Release */ = {
			isa = XCBuildConfiguration;
			buildSettings = {
				ALWAYS_SEARCH_USER_PATHS = NO;
				CLANG_ANALYZER_NONNULL = YES;
				CLANG_CXX_LANGUAGE_STANDARD = "gnu++0x";
				CLANG_CXX_LIBRARY = "libc++";
				CLANG_ENABLE_MODULES = YES;
				CLANG_ENABLE_OBJC_ARC = YES;
				CLANG_WARN_BOOL_CONVERSION = YES;
				CLANG_WARN_CONSTANT_CONVERSION = YES;
				CLANG_WARN_DIRECT_OBJC_ISA_USAGE = YES_ERROR;
				CLANG_WARN_DOCUMENTATION_COMMENTS = YES;
				CLANG_WARN_EMPTY_BODY = YES;
				CLANG_WARN_ENUM_CONVERSION = YES;
				CLANG_WARN_INFINITE_RECURSION = YES;
				CLANG_WARN_INT_CONVERSION = YES;
				CLANG_WARN_OBJC_ROOT_CLASS = YES_ERROR;
				CLANG_WARN_SUSPICIOUS_MOVE = YES;
				CLANG_WARN_UNREACHABLE_CODE = YES;
				CLANG_WARN__DUPLICATE_METHOD_MATCH = YES;
				CODE_SIGN_IDENTITY = "-";
				COPY_PHASE_STRIP = NO;
				DEBUG_INFORMATION_FORMAT = "dwarf-with-dsym";
				ENABLE_NS_ASSERTIONS = NO;
				ENABLE_STRICT_OBJC_MSGSEND = YES;
				GCC_C_LANGUAGE_STANDARD = gnu99;
				GCC_NO_COMMON_BLOCKS = YES;
				GCC_WARN_64_TO_32_BIT_CONVERSION = YES;
				GCC_WARN_ABOUT_RETURN_TYPE = YES_ERROR;
				GCC_WARN_UNDECLARED_SELECTOR = YES;
				GCC_WARN_UNINITIALIZED_AUTOS = YES_AGGRESSIVE;
				GCC_WARN_UNUSED_FUNCTION = YES;
				GCC_WARN_UNUSED_VARIABLE = YES;
				MACOSX_DEPLOYMENT_TARGET = 10.12;
				MTL_ENABLE_DEBUG_INFO = NO;
				SDKROOT = macosx;
			};
			name = Release;
		};
		0BB32E341E3066CA00B3633F /* Debug */ = {
			isa = XCBuildConfiguration;
			buildSettings = {
				DEVELOPMENT_TEAM = VH2Z9AYRVM;
				PRODUCT_NAME = "$(TARGET_NAME)";
			};
			name = Debug;
		};
		0BB32E351E3066CA00B3633F /* Release */ = {
			isa = XCBuildConfiguration;
			buildSettings = {
				DEVELOPMENT_TEAM = VH2Z9AYRVM;
				PRODUCT_NAME = "$(TARGET_NAME)";
			};
			name = Release;
		};
/* End XCBuildConfiguration section */

/* Begin XCConfigurationList section */
		0BB32E271E3066CA00B3633F /* Build configuration list for PBXProject "1007 DNA sorting" */ = {
			isa = XCConfigurationList;
			buildConfigurations = (
				0BB32E311E3066CA00B3633F /* Debug */,
				0BB32E321E3066CA00B3633F /* Release */,
			);
			defaultConfigurationIsVisible = 0;
			defaultConfigurationName = Release;
		};
		0BB32E331E3066CA00B3633F /* Build configuration list for PBXNativeTarget "1007 DNA sorting" */ = {
			isa = XCConfigurationList;
			buildConfigurations = (
				0BB32E341E3066CA00B3633F /* Debug */,
				0BB32E351E3066CA00B3633F /* Release */,
			);
			defaultConfigurationIsVisible = 0;
		};
/* End XCConfigurationList section */
	};
	rootObject = 0BB32E241E3066CA00B3633F /* Project object */;
}
